
Microsoft Visual Studio Solution File, Format Version 12.00
# Visual Studio Version 17
VisualStudioVersion = 17.9.34728.123
MinimumVisualStudioVersion = 10.0.40219.1
Project("{FAE04EC0-301F-11D3-BF4B-00C04F79EFBC}") = "Practices-C++++", "Practices-C++++\Practices-C++++.csproj", "{7B781242-4EB8-42DF-AD5F-DE145CC59A87}"
EndProject
Global
	GlobalSection(SolutionConfigurationPlatforms) = preSolution
		Debug|Any CPU = Debug|Any CPU
		Release|Any CPU = Release|Any CPU
	EndGlobalSection
	GlobalSection(ProjectConfigurationPlatforms) = postSolution
		{7B781242-4EB8-42DF-AD5F-DE145CC59A87}.Debug|Any CPU.ActiveCfg = Debug|Any CPU
		{7B781242-4EB8-42DF-AD5F-DE145CC59A87}.Debug|Any CPU.Build.0 = Debug|Any CPU
		{7B781242-4EB8-42DF-AD5F-DE145CC59A87}.Release|Any CPU.ActiveCfg = Release|Any CPU
		{7B781242-4EB8-42DF-AD5F-DE145CC59A87}.Release|Any CPU.Build.0 = Release|Any CPU
	EndGlobalSection
	GlobalSection(SolutionProperties) = preSolution
		HideSolutionNode = FALSE
	EndGlobalSection
	GlobalSection(ExtensibilityGlobals) = postSolution
		SolutionGuid = {05E5C372-6755-45F7-871F-5DEBA697C634}
	EndGlobalSection
EndGlobal
