
Microsoft Visual Studio Solution File, Format Version 12.00
# Visual Studio Version 17
VisualStudioVersion = 17.9.34728.123
MinimumVisualStudioVersion = 10.0.40219.1
Project("{9A19103F-16F7-4668-BE54-9A1E7A4F7556}") = "Practice11", "Practice11\Practice11.csproj", "{F27ED440-6E05-46FE-9F77-EC68797CA358}"
EndProject
Project("{9A19103F-16F7-4668-BE54-9A1E7A4F7556}") = "Practice12", "Practice12\Practice12.csproj", "{814A7FCD-04AB-47AC-B63B-211E2449D86F}"
EndProject
Project("{9A19103F-16F7-4668-BE54-9A1E7A4F7556}") = "Practice13", "Practice13\Practice13.csproj", "{42A77FC5-C537-41BE-8EA6-A489B39FCF43}"
EndProject
Project("{9A19103F-16F7-4668-BE54-9A1E7A4F7556}") = "Practice14", "Practice14\Practice14.csproj", "{AA1DDCC6-C230-482D-B243-6286D45286F5}"
EndProject
Project("{FAE04EC0-301F-11D3-BF4B-00C04F79EFBC}") = "UserLoginApp", "UserLoginApp\UserLoginApp.csproj", "{942DCD87-E642-440C-8792-24FC8B327959}"
EndProject
Global
	GlobalSection(SolutionConfigurationPlatforms) = preSolution
		Debug|Any CPU = Debug|Any CPU
		Release|Any CPU = Release|Any CPU
	EndGlobalSection
	GlobalSection(ProjectConfigurationPlatforms) = postSolution
		{F27ED440-6E05-46FE-9F77-EC68797CA358}.Debug|Any CPU.ActiveCfg = Debug|Any CPU
		{F27ED440-6E05-46FE-9F77-EC68797CA358}.Debug|Any CPU.Build.0 = Debug|Any CPU
		{F27ED440-6E05-46FE-9F77-EC68797CA358}.Release|Any CPU.ActiveCfg = Release|Any CPU
		{F27ED440-6E05-46FE-9F77-EC68797CA358}.Release|Any CPU.Build.0 = Release|Any CPU
		{814A7FCD-04AB-47AC-B63B-211E2449D86F}.Debug|Any CPU.ActiveCfg = Debug|Any CPU
		{814A7FCD-04AB-47AC-B63B-211E2449D86F}.Debug|Any CPU.Build.0 = Debug|Any CPU
		{814A7FCD-04AB-47AC-B63B-211E2449D86F}.Release|Any CPU.ActiveCfg = Release|Any CPU
		{814A7FCD-04AB-47AC-B63B-211E2449D86F}.Release|Any CPU.Build.0 = Release|Any CPU
		{42A77FC5-C537-41BE-8EA6-A489B39FCF43}.Debug|Any CPU.ActiveCfg = Debug|Any CPU
		{42A77FC5-C537-41BE-8EA6-A489B39FCF43}.Debug|Any CPU.Build.0 = Debug|Any CPU
		{42A77FC5-C537-41BE-8EA6-A489B39FCF43}.Release|Any CPU.ActiveCfg = Release|Any CPU
		{42A77FC5-C537-41BE-8EA6-A489B39FCF43}.Release|Any CPU.Build.0 = Release|Any CPU
		{AA1DDCC6-C230-482D-B243-6286D45286F5}.Debug|Any CPU.ActiveCfg = Debug|Any CPU
		{AA1DDCC6-C230-482D-B243-6286D45286F5}.Debug|Any CPU.Build.0 = Debug|Any CPU
		{AA1DDCC6-C230-482D-B243-6286D45286F5}.Release|Any CPU.ActiveCfg = Release|Any CPU
		{AA1DDCC6-C230-482D-B243-6286D45286F5}.Release|Any CPU.Build.0 = Release|Any CPU
		{942DCD87-E642-440C-8792-24FC8B327959}.Debug|Any CPU.ActiveCfg = Debug|Any CPU
		{942DCD87-E642-440C-8792-24FC8B327959}.Debug|Any CPU.Build.0 = Debug|Any CPU
		{942DCD87-E642-440C-8792-24FC8B327959}.Release|Any CPU.ActiveCfg = Release|Any CPU
		{942DCD87-E642-440C-8792-24FC8B327959}.Release|Any CPU.Build.0 = Release|Any CPU
	EndGlobalSection
	GlobalSection(SolutionProperties) = preSolution
		HideSolutionNode = FALSE
	EndGlobalSection
	GlobalSection(ExtensibilityGlobals) = postSolution
		SolutionGuid = {05E5C372-6755-45F7-871F-5DEBA697C634}
	EndGlobalSection
EndGlobal
